// !$*UTF8*$!
{
	archiveVersion = 1;
	classes = {
	};
	objectVersion = 50;
	objects = {

/* Begin PBXBuildFile section */
		F21FD86E2264C9BD004B3473 /* AppDelegate.swift in Sources */ = {isa = PBXBuildFile; fileRef = F21FD86D2264C9BD004B3473 /* AppDelegate.swift */; };
		F21FD8702264C9BD004B3473 /* ViewController.swift in Sources */ = {isa = PBXBuildFile; fileRef = F21FD86F2264C9BD004B3473 /* ViewController.swift */; };
		F21FD8732264C9BD004B3473 /* Main.storyboard in Resources */ = {isa = PBXBuildFile; fileRef = F21FD8712264C9BD004B3473 /* Main.storyboard */; };
		F21FD8752264C9BF004B3473 /* Assets.xcassets in Resources */ = {isa = PBXBuildFile; fileRef = F21FD8742264C9BF004B3473 /* Assets.xcassets */; };
		F21FD8782264C9BF004B3473 /* LaunchScreen.storyboard in Resources */ = {isa = PBXBuildFile; fileRef = F21FD8762264C9BF004B3473 /* LaunchScreen.storyboard */; };
		F21FD8832264C9BF004B3473 /* Apple_PieTests.swift in Sources */ = {isa = PBXBuildFile; fileRef = F21FD8822264C9BF004B3473 /* Apple_PieTests.swift */; };
		F21FD88E2264C9BF004B3473 /* Apple_PieUITests.swift in Sources */ = {isa = PBXBuildFile; fileRef = F21FD88D2264C9BF004B3473 /* Apple_PieUITests.swift */; };
		F21FD8AC2264D5D8004B3473 /* Game.swift in Sources */ = {isa = PBXBuildFile; fileRef = F21FD8AB2264D5D8004B3473 /* Game.swift */; };
/* End PBXBuildFile section */

/* Begin PBXContainerItemProxy section */
		F21FD87F2264C9BF004B3473 /* PBXContainerItemProxy */ = {
			isa = PBXContainerItemProxy;
			containerPortal = F21FD8622264C9BD004B3473 /* Project object */;
			proxyType = 1;
			remoteGlobalIDString = F21FD8692264C9BD004B3473;
			remoteInfo = "Apple Pie";
		};
		F21FD88A2264C9BF004B3473 /* PBXContainerItemProxy */ = {
			isa = PBXContainerItemProxy;
			containerPortal = F21FD8622264C9BD004B3473 /* Project object */;
			proxyType = 1;
			remoteGlobalIDString = F21FD8692264C9BD004B3473;
			remoteInfo = "Apple Pie";
		};
/* End PBXContainerItemProxy section */

/* Begin PBXFileReference section */
		F21FD86A2264C9BD004B3473 /* Apple Pie.app */ = {isa = PBXFileReference; explicitFileType = wrapper.application; includeInIndex = 0; path = "Apple Pie.app"; sourceTree = BUILT_PRODUCTS_DIR; };
		F21FD86D2264C9BD004B3473 /* AppDelegate.swift */ = {isa = PBXFileReference; lastKnownFileType = sourcecode.swift; path = AppDelegate.swift; sourceTree = "<group>"; };
		F21FD86F2264C9BD004B3473 /* ViewController.swift */ = {isa = PBXFileReference; lastKnownFileType = sourcecode.swift; path = ViewController.swift; sourceTree = "<group>"; };
		F21FD8722264C9BD004B3473 /* Base */ = {isa = PBXFileReference; lastKnownFileType = file.storyboard; name = Base; path = Base.lproj/Main.storyboard; sourceTree = "<group>"; };
		F21FD8742264C9BF004B3473 /* Assets.xcassets */ = {isa = PBXFileReference; lastKnownFileType = folder.assetcatalog; path = Assets.xcassets; sourceTree = "<group>"; };
		F21FD8772264C9BF004B3473 /* Base */ = {isa = PBXFileReference; lastKnownFileType = file.storyboard; name = Base; path = Base.lproj/LaunchScreen.storyboard; sourceTree = "<group>"; };
		F21FD8792264C9BF004B3473 /* Info.plist */ = {isa = PBXFileReference; lastKnownFileType = text.plist.xml; path = Info.plist; sourceTree = "<group>"; };
		F21FD87E2264C9BF004B3473 /* Apple PieTests.xctest */ = {isa = PBXFileReference; explicitFileType = wrapper.cfbundle; includeInIndex = 0; path = "Apple PieTests.xctest"; sourceTree = BUILT_PRODUCTS_DIR; };
		F21FD8822264C9BF004B3473 /* Apple_PieTests.swift */ = {isa = PBXFileReference; lastKnownFileType = sourcecode.swift; path = Apple_PieTests.swift; sourceTree = "<group>"; };
		F21FD8842264C9BF004B3473 /* Info.plist */ = {isa = PBXFileReference; lastKnownFileType = text.plist.xml; path = Info.plist; sourceTree = "<group>"; };
		F21FD8892264C9BF004B3473 /* Apple PieUITests.xctest */ = {isa = PBXFileReference; explicitFileType = wrapper.cfbundle; includeInIndex = 0; path = "Apple PieUITests.xctest"; sourceTree = BUILT_PRODUCTS_DIR; };
		F21FD88D2264C9BF004B3473 /* Apple_PieUITests.swift */ = {isa = PBXFileReference; lastKnownFileType = sourcecode.swift; path = Apple_PieUITests.swift; sourceTree = "<group>"; };
		F21FD88F2264C9BF004B3473 /* Info.plist */ = {isa = PBXFileReference; lastKnownFileType = text.plist.xml; path = Info.plist; sourceTree = "<group>"; };
		F21FD8AB2264D5D8004B3473 /* Game.swift */ = {isa = PBXFileReference; lastKnownFileType = sourcecode.swift; path = Game.swift; sourceTree = "<group>"; };
/* End PBXFileReference section */

/* Begin PBXFrameworksBuildPhase section */
		F21FD8672264C9BD004B3473 /* Frameworks */ = {
			isa = PBXFrameworksBuildPhase;
			buildActionMask = 2147483647;
			files = (
			);
			runOnlyForDeploymentPostprocessing = 0;
		};
		F21FD87B2264C9BF004B3473 /* Frameworks */ = {
			isa = PBXFrameworksBuildPhase;
			buildActionMask = 2147483647;
			files = (
			);
			runOnlyForDeploymentPostprocessing = 0;
		};
		F21FD8862264C9BF004B3473 /* Frameworks */ = {
			isa = PBXFrameworksBuildPhase;
			buildActionMask = 2147483647;
			files = (
			);
			runOnlyForDeploymentPostprocessing = 0;
		};
/* End PBXFrameworksBuildPhase section */

/* Begin PBXGroup section */
		F21FD8612264C9BD004B3473 = {
			isa = PBXGroup;
			children = (
				F21FD86C2264C9BD004B3473 /* Apple Pie */,
				F21FD8812264C9BF004B3473 /* Apple PieTests */,
				F21FD88C2264C9BF004B3473 /* Apple PieUITests */,
				F21FD86B2264C9BD004B3473 /* Products */,
			);
			sourceTree = "<group>";
		};
		F21FD86B2264C9BD004B3473 /* Products */ = {
			isa = PBXGroup;
			children = (
				F21FD86A2264C9BD004B3473 /* Apple Pie.app */,
				F21FD87E2264C9BF004B3473 /* Apple PieTests.xctest */,
				F21FD8892264C9BF004B3473 /* Apple PieUITests.xctest */,
			);
			name = Products;
			sourceTree = "<group>";
		};
		F21FD86C2264C9BD004B3473 /* Apple Pie */ = {
			isa = PBXGroup;
			children = (
				F21FD86D2264C9BD004B3473 /* AppDelegate.swift */,
				F21FD86F2264C9BD004B3473 /* ViewController.swift */,
				F21FD8712264C9BD004B3473 /* Main.storyboard */,
				F21FD8AB2264D5D8004B3473 /* Game.swift */,
				F21FD8742264C9BF004B3473 /* Assets.xcassets */,
				F21FD8762264C9BF004B3473 /* LaunchScreen.storyboard */,
				F21FD8792264C9BF004B3473 /* Info.plist */,
			);
			path = "Apple Pie";
			sourceTree = "<group>";
		};
		F21FD8812264C9BF004B3473 /* Apple PieTests */ = {
			isa = PBXGroup;
			children = (
				F21FD8822264C9BF004B3473 /* Apple_PieTests.swift */,
				F21FD8842264C9BF004B3473 /* Info.plist */,
			);
			path = "Apple PieTests";
			sourceTree = "<group>";
		};
		F21FD88C2264C9BF004B3473 /* Apple PieUITests */ = {
			isa = PBXGroup;
			children = (
				F21FD88D2264C9BF004B3473 /* Apple_PieUITests.swift */,
				F21FD88F2264C9BF004B3473 /* Info.plist */,
			);
			path = "Apple PieUITests";
			sourceTree = "<group>";
		};
/* End PBXGroup section */

/* Begin PBXNativeTarget section */
		F21FD8692264C9BD004B3473 /* Apple Pie */ = {
			isa = PBXNativeTarget;
			buildConfigurationList = F21FD8922264C9BF004B3473 /* Build configuration list for PBXNativeTarget "Apple Pie" */;
			buildPhases = (
				F21FD8662264C9BD004B3473 /* Sources */,
				F21FD8672264C9BD004B3473 /* Frameworks */,
				F21FD8682264C9BD004B3473 /* Resources */,
			);
			buildRules = (
			);
			dependencies = (
			);
			name = "Apple Pie";
			productName = "Apple Pie";
			productReference = F21FD86A2264C9BD004B3473 /* Apple Pie.app */;
			productType = "com.apple.product-type.application";
		};
		F21FD87D2264C9BF004B3473 /* Apple PieTests */ = {
			isa = PBXNativeTarget;
			buildConfigurationList = F21FD8952264C9BF004B3473 /* Build configuration list for PBXNativeTarget "Apple PieTests" */;
			buildPhases = (
				F21FD87A2264C9BF004B3473 /* Sources */,
				F21FD87B2264C9BF004B3473 /* Frameworks */,
				F21FD87C2264C9BF004B3473 /* Resources */,
			);
			buildRules = (
			);
			dependencies = (
				F21FD8802264C9BF004B3473 /* PBXTargetDependency */,
			);
			name = "Apple PieTests";
			productName = "Apple PieTests";
			productReference = F21FD87E2264C9BF004B3473 /* Apple PieTests.xctest */;
			productType = "com.apple.product-type.bundle.unit-test";
		};
		F21FD8882264C9BF004B3473 /* Apple PieUITests */ = {
			isa = PBXNativeTarget;
			buildConfigurationList = F21FD8982264C9BF004B3473 /* Build configuration list for PBXNativeTarget "Apple PieUITests" */;
			buildPhases = (
				F21FD8852264C9BF004B3473 /* Sources */,
				F21FD8862264C9BF004B3473 /* Frameworks */,
				F21FD8872264C9BF004B3473 /* Resources */,
			);
			buildRules = (
			);
			dependencies = (
				F21FD88B2264C9BF004B3473 /* PBXTargetDependency */,
			);
			name = "Apple PieUITests";
			productName = "Apple PieUITests";
			productReference = F21FD8892264C9BF004B3473 /* Apple PieUITests.xctest */;
			productType = "com.apple.product-type.bundle.ui-testing";
		};
/* End PBXNativeTarget section */

/* Begin PBXProject section */
		F21FD8622264C9BD004B3473 /* Project object */ = {
			isa = PBXProject;
			attributes = {
				LastSwiftUpdateCheck = 1020;
				LastUpgradeCheck = 1020;
				ORGANIZATIONNAME = Student03;
				TargetAttributes = {
					F21FD8692264C9BD004B3473 = {
						CreatedOnToolsVersion = 10.2;
					};
					F21FD87D2264C9BF004B3473 = {
						CreatedOnToolsVersion = 10.2;
						TestTargetID = F21FD8692264C9BD004B3473;
					};
					F21FD8882264C9BF004B3473 = {
						CreatedOnToolsVersion = 10.2;
						TestTargetID = F21FD8692264C9BD004B3473;
					};
				};
			};
			buildConfigurationList = F21FD8652264C9BD004B3473 /* Build configuration list for PBXProject "Apple Pie" */;
			compatibilityVersion = "Xcode 9.3";
			developmentRegion = en;
			hasScannedForEncodings = 0;
			knownRegions = (
				en,
				Base,
			);
			mainGroup = F21FD8612264C9BD004B3473;
			productRefGroup = F21FD86B2264C9BD004B3473 /* Products */;
			projectDirPath = "";
			projectRoot = "";
			targets = (
				F21FD8692264C9BD004B3473 /* Apple Pie */,
				F21FD87D2264C9BF004B3473 /* Apple PieTests */,
				F21FD8882264C9BF004B3473 /* Apple PieUITests */,
			);
		};
/* End PBXProject section */

/* Begin PBXResourcesBuildPhase section */
		F21FD8682264C9BD004B3473 /* Resources */ = {
			isa = PBXResourcesBuildPhase;
			buildActionMask = 2147483647;
			files = (
				F21FD8782264C9BF004B3473 /* LaunchScreen.storyboard in Resources */,
				F21FD8752264C9BF004B3473 /* Assets.xcassets in Resources */,
				F21FD8732264C9BD004B3473 /* Main.storyboard in Resources */,
			);
			runOnlyForDeploymentPostprocessing = 0;
		};
		F21FD87C2264C9BF004B3473 /* Resources */ = {
			isa = PBXResourcesBuildPhase;
			buildActionMask = 2147483647;
			files = (
			);
			runOnlyForDeploymentPostprocessing = 0;
		};
		F21FD8872264C9BF004B3473 /* Resources */ = {
			isa = PBXResourcesBuildPhase;
			buildActionMask = 2147483647;
			files = (
			);
			runOnlyForDeploymentPostprocessing = 0;
		};
/* End PBXResourcesBuildPhase section */

/* Begin PBXSourcesBuildPhase section */
		F21FD8662264C9BD004B3473 /* Sources */ = {
			isa = PBXSourcesBuildPhase;
			buildActionMask = 2147483647;
			files = (
				F21FD8702264C9BD004B3473 /* ViewController.swift in Sources */,
				F21FD8AC2264D5D8004B3473 /* Game.swift in Sources */,
				F21FD86E2264C9BD004B3473 /* AppDelegate.swift in Sources */,
			);
			runOnlyForDeploymentPostprocessing = 0;
		};
		F21FD87A2264C9BF004B3473 /* Sources */ = {
			isa = PBXSourcesBuildPhase;
			buildActionMask = 2147483647;
			files = (
				F21FD8832264C9BF004B3473 /* Apple_PieTests.swift in Sources */,
			);
			runOnlyForDeploymentPostprocessing = 0;
		};
		F21FD8852264C9BF004B3473 /* Sources */ = {
			isa = PBXSourcesBuildPhase;
			buildActionMask = 2147483647;
			files = (
				F21FD88E2264C9BF004B3473 /* Apple_PieUITests.swift in Sources */,
			);
			runOnlyForDeploymentPostprocessing = 0;
		};
/* End PBXSourcesBuildPhase section */

/* Begin PBXTargetDependency section */
		F21FD8802264C9BF004B3473 /* PBXTargetDependency */ = {
			isa = PBXTargetDependency;
			target = F21FD8692264C9BD004B3473 /* Apple Pie */;
			targetProxy = F21FD87F2264C9BF004B3473 /* PBXContainerItemProxy */;
		};
		F21FD88B2264C9BF004B3473 /* PBXTargetDependency */ = {
			isa = PBXTargetDependency;
			target = F21FD8692264C9BD004B3473 /* Apple Pie */;
			targetProxy = F21FD88A2264C9BF004B3473 /* PBXContainerItemProxy */;
		};
/* End PBXTargetDependency section */

/* Begin PBXVariantGroup section */
		F21FD8712264C9BD004B3473 /* Main.storyboard */ = {
			isa = PBXVariantGroup;
			children = (
				F21FD8722264C9BD004B3473 /* Base */,
			);
			name = Main.storyboard;
			sourceTree = "<group>";
		};
		F21FD8762264C9BF004B3473 /* LaunchScreen.storyboard */ = {
			isa = PBXVariantGroup;
			children = (
				F21FD8772264C9BF004B3473 /* Base */,
			);
			name = LaunchScreen.storyboard;
			sourceTree = "<group>";
		};
/* End PBXVariantGroup section */

/* Begin XCBuildConfiguration section */
		F21FD8902264C9BF004B3473 /* Debug */ = {
			isa = XCBuildConfiguration;
			buildSettings = {
				ALWAYS_SEARCH_USER_PATHS = NO;
				CLANG_ANALYZER_NONNULL = YES;
				CLANG_ANALYZER_NUMBER_OBJECT_CONVERSION = YES_AGGRESSIVE;
				CLANG_CXX_LANGUAGE_STANDARD = "gnu++14";
				CLANG_CXX_LIBRARY = "libc++";
				CLANG_ENABLE_MODULES = YES;
				CLANG_ENABLE_OBJC_ARC = YES;
				CLANG_ENABLE_OBJC_WEAK = YES;
				CLANG_WARN_BLOCK_CAPTURE_AUTORELEASING = YES;
				CLANG_WARN_BOOL_CONVERSION = YES;
				CLANG_WARN_COMMA = YES;
				CLANG_WARN_CONSTANT_CONVERSION = YES;
				CLANG_WARN_DEPRECATED_OBJC_IMPLEMENTATIONS = YES;
				CLANG_WARN_DIRECT_OBJC_ISA_USAGE = YES_ERROR;
				CLANG_WARN_DOCUMENTATION_COMMENTS = YES;
				CLANG_WARN_EMPTY_BODY = YES;
				CLANG_WARN_ENUM_CONVERSION = YES;
				CLANG_WARN_INFINITE_RECURSION = YES;
				CLANG_WARN_INT_CONVERSION = YES;
				CLANG_WARN_NON_LITERAL_NULL_CONVERSION = YES;
				CLANG_WARN_OBJC_IMPLICIT_RETAIN_SELF = YES;
				CLANG_WARN_OBJC_LITERAL_CONVERSION = YES;
				CLANG_WARN_OBJC_ROOT_CLASS = YES_ERROR;
				CLANG_WARN_RANGE_LOOP_ANALYSIS = YES;
				CLANG_WARN_STRICT_PROTOTYPES = YES;
				CLANG_WARN_SUSPICIOUS_MOVE = YES;
				CLANG_WARN_UNGUARDED_AVAILABILITY = YES_AGGRESSIVE;
				CLANG_WARN_UNREACHABLE_CODE = YES;
				CLANG_WARN__DUPLICATE_METHOD_MATCH = YES;
				CODE_SIGN_IDENTITY = "iPhone Developer";
				COPY_PHASE_STRIP = NO;
				DEBUG_INFORMATION_FORMAT = dwarf;
				ENABLE_STRICT_OBJC_MSGSEND = YES;
				ENABLE_TESTABILITY = YES;
				GCC_C_LANGUAGE_STANDARD = gnu11;
				GCC_DYNAMIC_NO_PIC = NO;
				GCC_NO_COMMON_BLOCKS = YES;
				GCC_OPTIMIZATION_LEVEL = 0;
				GCC_PREPROCESSOR_DEFINITIONS = (
					"DEBUG=1",
					"$(inherited)",
				);
				GCC_WARN_64_TO_32_BIT_CONVERSION = YES;
				GCC_WARN_ABOUT_RETURN_TYPE = YES_ERROR;
				GCC_WARN_UNDECLARED_SELECTOR = YES;
				GCC_WARN_UNINITIALIZED_AUTOS = YES_AGGRESSIVE;
				GCC_WARN_UNUSED_FUNCTION = YES;
				GCC_WARN_UNUSED_VARIABLE = YES;
				IPHONEOS_DEPLOYMENT_TARGET = 12.2;
				MTL_ENABLE_DEBUG_INFO = INCLUDE_SOURCE;
				MTL_FAST_MATH = YES;
				ONLY_ACTIVE_ARCH = YES;
				SDKROOT = iphoneos;
				SWIFT_ACTIVE_COMPILATION_CONDITIONS = DEBUG;
				SWIFT_OPTIMIZATION_LEVEL = "-Onone";
			};
			name = Debug;
		};
		F21FD8912264C9BF004B3473 /* Release */ = {
			isa = XCBuildConfiguration;
			buildSettings = {
				ALWAYS_SEARCH_USER_PATHS = NO;
				CLANG_ANALYZER_NONNULL = YES;
				CLANG_ANALYZER_NUMBER_OBJECT_CONVERSION = YES_AGGRESSIVE;
				CLANG_CXX_LANGUAGE_STANDARD = "gnu++14";
				CLANG_CXX_LIBRARY = "libc++";
				CLANG_ENABLE_MODULES = YES;
				CLANG_ENABLE_OBJC_ARC = YES;
				CLANG_ENABLE_OBJC_WEAK = YES;
				CLANG_WARN_BLOCK_CAPTURE_AUTORELEASING = YES;
				CLANG_WARN_BOOL_CONVERSION = YES;
				CLANG_WARN_COMMA = YES;
				CLANG_WARN_CONSTANT_CONVERSION = YES;
				CLANG_WARN_DEPRECATED_OBJC_IMPLEMENTATIONS = YES;
				CLANG_WARN_DIRECT_OBJC_ISA_USAGE = YES_ERROR;
				CLANG_WARN_DOCUMENTATION_COMMENTS = YES;
				CLANG_WARN_EMPTY_BODY = YES;
				CLANG_WARN_ENUM_CONVERSION = YES;
				CLANG_WARN_INFINITE_RECURSION = YES;
				CLANG_WARN_INT_CONVERSION = YES;
				CLANG_WARN_NON_LITERAL_NULL_CONVERSION = YES;
				CLANG_WARN_OBJC_IMPLICIT_RETAIN_SELF = YES;
				CLANG_WARN_OBJC_LITERAL_CONVERSION = YES;
				CLANG_WARN_OBJC_ROOT_CLASS = YES_ERROR;
				CLANG_WARN_RANGE_LOOP_ANALYSIS = YES;
				CLANG_WARN_STRICT_PROTOTYPES = YES;
				CLANG_WARN_SUSPICIOUS_MOVE = YES;
				CLANG_WARN_UNGUARDED_AVAILABILITY = YES_AGGRESSIVE;
				CLANG_WARN_UNREACHABLE_CODE = YES;
				CLANG_WARN__DUPLICATE_METHOD_MATCH = YES;
				CODE_SIGN_IDENTITY = "iPhone Developer";
				COPY_PHASE_STRIP = NO;
				DEBUG_INFORMATION_FORMAT = "dwarf-with-dsym";
				ENABLE_NS_ASSERTIONS = NO;
				ENABLE_STRICT_OBJC_MSGSEND = YES;
				GCC_C_LANGUAGE_STANDARD = gnu11;
				GCC_NO_COMMON_BLOCKS = YES;
				GCC_WARN_64_TO_32_BIT_CONVERSION = YES;
				GCC_WARN_ABOUT_RETURN_TYPE = YES_ERROR;
				GCC_WARN_UNDECLARED_SELECTOR = YES;
				GCC_WARN_UNINITIALIZED_AUTOS = YES_AGGRESSIVE;
				GCC_WARN_UNUSED_FUNCTION = YES;
				GCC_WARN_UNUSED_VARIABLE = YES;
				IPHONEOS_DEPLOYMENT_TARGET = 12.2;
				MTL_ENABLE_DEBUG_INFO = NO;
				MTL_FAST_MATH = YES;
				SDKROOT = iphoneos;
				SWIFT_COMPILATION_MODE = wholemodule;
				SWIFT_OPTIMIZATION_LEVEL = "-O";
				VALIDATE_PRODUCT = YES;
			};
			name = Release;
		};
		F21FD8932264C9BF004B3473 /* Debug */ = {
			isa = XCBuildConfiguration;
			buildSettings = {
				ASSETCATALOG_COMPILER_APPICON_NAME = AppIcon;
				CODE_SIGN_STYLE = Automatic;
				DEVELOPMENT_TEAM = 5GUBFZ62ZW;
				INFOPLIST_FILE = "Apple Pie/Info.plist";
				LD_RUNPATH_SEARCH_PATHS = (
					"$(inherited)",
					"@executable_path/Frameworks",
				);
				PRODUCT_BUNDLE_IDENTIFIER = "meadowvale.Apple-Pie";
				PRODUCT_NAME = "$(TARGET_NAME)";
				SWIFT_VERSION = 5.0;
				TARGETED_DEVICE_FAMILY = 2;
			};
			name = Debug;
		};
		F21FD8942264C9BF004B3473 /* Release */ = {
			isa = XCBuildConfiguration;
			buildSettings = {
				ASSETCATALOG_COMPILER_APPICON_NAME = AppIcon;
				CODE_SIGN_STYLE = Automatic;
				DEVELOPMENT_TEAM = 5GUBFZ62ZW;
				INFOPLIST_FILE = "Apple Pie/Info.plist";
				LD_RUNPATH_SEARCH_PATHS = (
					"$(inherited)",
					"@executable_path/Frameworks",
				);
				PRODUCT_BUNDLE_IDENTIFIER = "meadowvale.Apple-Pie";
				PRODUCT_NAME = "$(TARGET_NAME)";
				SWIFT_VERSION = 5.0;
				TARGETED_DEVICE_FAMILY = 2;
			};
			name = Release;
		};
		F21FD8962264C9BF004B3473 /* Debug */ = {
			isa = XCBuildConfiguration;
			buildSettings = {
				ALWAYS_EMBED_SWIFT_STANDARD_LIBRARIES = YES;
				BUNDLE_LOADER = "$(TEST_HOST)";
				CODE_SIGN_STYLE = Automatic;
				DEVELOPMENT_TEAM = 5GUBFZ62ZW;
				INFOPLIST_FILE = "Apple PieTests/Info.plist";
				LD_RUNPATH_SEARCH_PATHS = (
					"$(inherited)",
					"@executable_path/Frameworks",
					"@loader_path/Frameworks",
				);
				PRODUCT_BUNDLE_IDENTIFIER = "meadowvale.Apple-PieTests";
				PRODUCT_NAME = "$(TARGET_NAME)";
				SWIFT_VERSION = 5.0;
				TARGETED_DEVICE_FAMILY = "1,2";
				TEST_HOST = "$(BUILT_PRODUCTS_DIR)/Apple Pie.app/Apple Pie";
			};
			name = Debug;
		};
		F21FD8972264C9BF004B3473 /* Release */ = {
			isa = XCBuildConfiguration;
			buildSettings = {
				ALWAYS_EMBED_SWIFT_STANDARD_LIBRARIES = YES;
				BUNDLE_LOADER = "$(TEST_HOST)";
				CODE_SIGN_STYLE = Automatic;
				DEVELOPMENT_TEAM = 5GUBFZ62ZW;
				INFOPLIST_FILE = "Apple PieTests/Info.plist";
				LD_RUNPATH_SEARCH_PATHS = (
					"$(inherited)",
					"@executable_path/Frameworks",
					"@loader_path/Frameworks",
				);
				PRODUCT_BUNDLE_IDENTIFIER = "meadowvale.Apple-PieTests";
				PRODUCT_NAME = "$(TARGET_NAME)";
				SWIFT_VERSION = 5.0;
				TARGETED_DEVICE_FAMILY = "1,2";
				TEST_HOST = "$(BUILT_PRODUCTS_DIR)/Apple Pie.app/Apple Pie";
			};
			name = Release;
		};
		F21FD8992264C9BF004B3473 /* Debug */ = {
			isa = XCBuildConfiguration;
			buildSettings = {
				ALWAYS_EMBED_SWIFT_STANDARD_LIBRARIES = YES;
				CODE_SIGN_STYLE = Automatic;
				DEVELOPMENT_TEAM = 5GUBFZ62ZW;
				INFOPLIST_FILE = "Apple PieUITests/Info.plist";
				LD_RUNPATH_SEARCH_PATHS = (
					"$(inherited)",
					"@executable_path/Frameworks",
					"@loader_path/Frameworks",
				);
				PRODUCT_BUNDLE_IDENTIFIER = "meadowvale.Apple-PieUITests";
				PRODUCT_NAME = "$(TARGET_NAME)";
				SWIFT_VERSION = 5.0;
				TARGETED_DEVICE_FAMILY = "1,2";
				TEST_TARGET_NAME = "Apple Pie";
			};
			name = Debug;
		};
		F21FD89A2264C9BF004B3473 /* Release */ = {
			isa = XCBuildConfiguration;
			buildSettings = {
				ALWAYS_EMBED_SWIFT_STANDARD_LIBRARIES = YES;
				CODE_SIGN_STYLE = Automatic;
				DEVELOPMENT_TEAM = 5GUBFZ62ZW;
				INFOPLIST_FILE = "Apple PieUITests/Info.plist";
				LD_RUNPATH_SEARCH_PATHS = (
					"$(inherited)",
					"@executable_path/Frameworks",
					"@loader_path/Frameworks",
				);
				PRODUCT_BUNDLE_IDENTIFIER = "meadowvale.Apple-PieUITests";
				PRODUCT_NAME = "$(TARGET_NAME)";
				SWIFT_VERSION = 5.0;
				TARGETED_DEVICE_FAMILY = "1,2";
				TEST_TARGET_NAME = "Apple Pie";
			};
			name = Release;
		};
/* End XCBuildConfiguration section */

/* Begin XCConfigurationList section */
		F21FD8652264C9BD004B3473 /* Build configuration list for PBXProject "Apple Pie" */ = {
			isa = XCConfigurationList;
			buildConfigurations = (
				F21FD8902264C9BF004B3473 /* Debug */,
				F21FD8912264C9BF004B3473 /* Release */,
			);
			defaultConfigurationIsVisible = 0;
			defaultConfigurationName = Release;
		};
		F21FD8922264C9BF004B3473 /* Build configuration list for PBXNativeTarget "Apple Pie" */ = {
			isa = XCConfigurationList;
			buildConfigurations = (
				F21FD8932264C9BF004B3473 /* Debug */,
				F21FD8942264C9BF004B3473 /* Release */,
			);
			defaultConfigurationIsVisible = 0;
			defaultConfigurationName = Release;
		};
		F21FD8952264C9BF004B3473 /* Build configuration list for PBXNativeTarget "Apple PieTests" */ = {
			isa = XCConfigurationList;
			buildConfigurations = (
				F21FD8962264C9BF004B3473 /* Debug */,
				F21FD8972264C9BF004B3473 /* Release */,
			);
			defaultConfigurationIsVisible = 0;
			defaultConfigurationName = Release;
		};
		F21FD8982264C9BF004B3473 /* Build configuration list for PBXNativeTarget "Apple PieUITests" */ = {
			isa = XCConfigurationList;
			buildConfigurations = (
				F21FD8992264C9BF004B3473 /* Debug */,
				F21FD89A2264C9BF004B3473 /* Release */,
			);
			defaultConfigurationIsVisible = 0;
			defaultConfigurationName = Release;
		};
/* End XCConfigurationList section */
	};
	rootObject = F21FD8622264C9BD004B3473 /* Project object */;
}
